
Microsoft Visual Studio Solution File, Format Version 12.00
# Visual Studio Version 16
VisualStudioVersion = 16.0.32002.261
MinimumVisualStudioVersion = 10.0.40219.1
Project("{FAE04EC0-301F-11D3-BF4B-00C04F79EFBC}") = "FichaTecnicaServer", "FichaTecnicaServer\FichaTecnicaServer.csproj", "{8ED86BAF-5418-40B0-91D0-38FC623A3CC3}"
EndProject
Global
	GlobalSection(SolutionConfigurationPlatforms) = preSolution
		Debug|Any CPU = Debug|Any CPU
		Release|Any CPU = Release|Any CPU
	EndGlobalSection
	GlobalSection(ProjectConfigurationPlatforms) = postSolution
		{8ED86BAF-5418-40B0-91D0-38FC623A3CC3}.Debug|Any CPU.ActiveCfg = Debug|Any CPU
		{8ED86BAF-5418-40B0-91D0-38FC623A3CC3}.Debug|Any CPU.Build.0 = Debug|Any CPU
		{8ED86BAF-5418-40B0-91D0-38FC623A3CC3}.Release|Any CPU.ActiveCfg = Release|Any CPU
		{8ED86BAF-5418-40B0-91D0-38FC623A3CC3}.Release|Any CPU.Build.0 = Release|Any CPU
	EndGlobalSection
	GlobalSection(SolutionProperties) = preSolution
		HideSolutionNode = FALSE
	EndGlobalSection
	GlobalSection(ExtensibilityGlobals) = postSolution
		SolutionGuid = {1E27DA1D-194F-467A-898A-A5D2A7A07F14}
	EndGlobalSection
EndGlobal
